
Microsoft Visual Studio Solution File, Format Version 12.00
# Visual Studio Version 16
VisualStudioVersion = 16.0.31321.278
MinimumVisualStudioVersion = 10.0.40219.1
Project("{FAE04EC0-301F-11D3-BF4B-00C04F79EFBC}") = "Books.API", "Books.API\Books.API.csproj", "{E57629BB-F8C4-46A8-87C1-15AC4EDC1408}"
EndProject
Global
	GlobalSection(SolutionConfigurationPlatforms) = preSolution
		Debug|Any CPU = Debug|Any CPU
		Release|Any CPU = Release|Any CPU
	EndGlobalSection
	GlobalSection(ProjectConfigurationPlatforms) = postSolution
		{E57629BB-F8C4-46A8-87C1-15AC4EDC1408}.Debug|Any CPU.ActiveCfg = Debug|Any CPU
		{E57629BB-F8C4-46A8-87C1-15AC4EDC1408}.Debug|Any CPU.Build.0 = Debug|Any CPU
		{E57629BB-F8C4-46A8-87C1-15AC4EDC1408}.Release|Any CPU.ActiveCfg = Release|Any CPU
		{E57629BB-F8C4-46A8-87C1-15AC4EDC1408}.Release|Any CPU.Build.0 = Release|Any CPU
	EndGlobalSection
	GlobalSection(SolutionProperties) = preSolution
		HideSolutionNode = FALSE
	EndGlobalSection
	GlobalSection(ExtensibilityGlobals) = postSolution
		SolutionGuid = {873E5E0A-5F13-4B81-9BCE-BD6EF349445C}
	EndGlobalSection
EndGlobal
